// !$*UTF8*$!
{
	archiveVersion = 1;
	classes = {
	};
	objectVersion = 46;
	objects = {

/* Begin PBXBuildFile section */
		402E71311ED5E2C5008149B3 /* RuleBasedBehaviour.cpp in Sources */ = {isa = PBXBuildFile; fileRef = 402E712F1ED5E2C5008149B3 /* RuleBasedBehaviour.cpp */; };
		402E71341ED5E2E5008149B3 /* AIObserver.cpp in Sources */ = {isa = PBXBuildFile; fileRef = 402E71321ED5E2E5008149B3 /* AIObserver.cpp */; };
		402E71371ED5EAB5008149B3 /* Behaviour.cpp in Sources */ = {isa = PBXBuildFile; fileRef = 402E71351ED5EAB5008149B3 /* Behaviour.cpp */; };
		40319DC41EE0688C00FB162F /* MenuOptions.cpp in Sources */ = {isa = PBXBuildFile; fileRef = 40319DC21EE0688C00FB162F /* MenuOptions.cpp */; };
		4049DF6C1EAA74AA008DB0E5 /* Level_00_NeoPurple_DEMO.cpp in Sources */ = {isa = PBXBuildFile; fileRef = 4049DF6A1EAA74AA008DB0E5 /* Level_00_NeoPurple_DEMO.cpp */; };
		4049DF701EAA7583008DB0E5 /* Level_00_GO_Ground.cpp in Sources */ = {isa = PBXBuildFile; fileRef = 4049DF6E1EAA7583008DB0E5 /* Level_00_GO_Ground.cpp */; };
		4049DF741EABAB0E008DB0E5 /* AnimatedSprite.cpp in Sources */ = {isa = PBXBuildFile; fileRef = 4049DF721EABAB0E008DB0E5 /* AnimatedSprite.cpp */; };
		4049DF7E1EABB2E9008DB0E5 /* Level_00_GO_MainCharacter.cpp in Sources */ = {isa = PBXBuildFile; fileRef = 4049DF7C1EABB2E9008DB0E5 /* Level_00_GO_MainCharacter.cpp */; };
		4049DF831EABD972008DB0E5 /* SomeMath.cpp in Sources */ = {isa = PBXBuildFile; fileRef = 4049DF811EABD972008DB0E5 /* SomeMath.cpp */; };
		406D18C01ECB52100099A55D /* Level_00_GO_HealthBars.cpp in Sources */ = {isa = PBXBuildFile; fileRef = 406D18BE1ECB52100099A55D /* Level_00_GO_HealthBars.cpp */; };
		406D18C71ECB60BF0099A55D /* MainCharacterController.cpp in Sources */ = {isa = PBXBuildFile; fileRef = 406D18C51ECB60BF0099A55D /* MainCharacterController.cpp */; };
		406D18CA1ECB64E10099A55D /* EnemyCharacterController.cpp in Sources */ = {isa = PBXBuildFile; fileRef = 406D18C81ECB64E10099A55D /* EnemyCharacterController.cpp */; };
		4076FB361EB4C442002D4DAB /* lavaNoise.frag in Resources */ = {isa = PBXBuildFile; fileRef = 4076FB351EB4C442002D4DAB /* lavaNoise.frag */; };
		4076FB391EB4C473002D4DAB /* GroundNoiseShader.cpp in Sources */ = {isa = PBXBuildFile; fileRef = 4076FB371EB4C473002D4DAB /* GroundNoiseShader.cpp */; };
		4076FB3C1EB4DDE6002D4DAB /* Level_00_GO_EnemyCharacter.cpp in Sources */ = {isa = PBXBuildFile; fileRef = 4076FB3A1EB4DDE6002D4DAB /* Level_00_GO_EnemyCharacter.cpp */; };
		4076FB401EB4E057002D4DAB /* Level_00_GO_Characters.cpp in Sources */ = {isa = PBXBuildFile; fileRef = 4076FB3E1EB4E057002D4DAB /* Level_00_GO_Characters.cpp */; };
		4076FB431EB4E695002D4DAB /* Level_00_GO_BasicCharacter.cpp in Sources */ = {isa = PBXBuildFile; fileRef = 4076FB411EB4E695002D4DAB /* Level_00_GO_BasicCharacter.cpp */; };
		407DEFE51E897765004263E6 /* ResourcePath.mm in Sources */ = {isa = PBXBuildFile; fileRef = 407DEFE41E897765004263E6 /* ResourcePath.mm */; };
		407DEFE81E897765004263E6 /* main.cpp in Sources */ = {isa = PBXBuildFile; fileRef = 407DEFE71E897765004263E6 /* main.cpp */; };
		407DEFEB1E897765004263E6 /* cute_image.jpg in Resources */ = {isa = PBXBuildFile; fileRef = 407DEFEA1E897765004263E6 /* cute_image.jpg */; };
		407DEFED1E897765004263E6 /* nice_music.ogg in Resources */ = {isa = PBXBuildFile; fileRef = 407DEFEC1E897765004263E6 /* nice_music.ogg */; };
		407DEFEF1E897765004263E6 /* sansation.ttf in Resources */ = {isa = PBXBuildFile; fileRef = 407DEFEE1E897765004263E6 /* sansation.ttf */; };
		407DEFF11E897765004263E6 /* icon.png in Resources */ = {isa = PBXBuildFile; fileRef = 407DEFF01E897765004263E6 /* icon.png */; };
		407DEFFA1E8978C2004263E6 /* MessageBus.cpp in Sources */ = {isa = PBXBuildFile; fileRef = 407DEFF81E8978C2004263E6 /* MessageBus.cpp */; };
		407DEFFD1E897B92004263E6 /* Message.cpp in Sources */ = {isa = PBXBuildFile; fileRef = 407DEFFB1E897B92004263E6 /* Message.cpp */; };
		407DF0001E898962004263E6 /* BusNode.cpp in Sources */ = {isa = PBXBuildFile; fileRef = 407DEFFE1E898962004263E6 /* BusNode.cpp */; };
		407DF0091E8AAC9D004263E6 /* Window.cpp in Sources */ = {isa = PBXBuildFile; fileRef = 407DF0071E8AAC9D004263E6 /* Window.cpp */; };
		407DF00F1E8AB7EF004263E6 /* Clock.cpp in Sources */ = {isa = PBXBuildFile; fileRef = 407DF00D1E8AB7EF004263E6 /* Clock.cpp */; };
		407DF0131E8ABE1C004263E6 /* Input.cpp in Sources */ = {isa = PBXBuildFile; fileRef = 407DF0111E8ABE1C004263E6 /* Input.cpp */; };
		40817FF21EAD2536003089A4 /* prota_0.2.json in Resources */ = {isa = PBXBuildFile; fileRef = 40817FF01EAD2536003089A4 /* prota_0.2.json */; };
		40817FF31EAD2536003089A4 /* prota_0.2.png in Resources */ = {isa = PBXBuildFile; fileRef = 40817FF11EAD2536003089A4 /* prota_0.2.png */; };
		40817FF71EAD301E003089A4 /* Collisions.cpp in Sources */ = {isa = PBXBuildFile; fileRef = 40817FF51EAD301E003089A4 /* Collisions.cpp */; };
		408485551EEABE8900058CD6 /* PhysicsTypes.cpp in Sources */ = {isa = PBXBuildFile; fileRef = 408485541EEABE8900058CD6 /* PhysicsTypes.cpp */; };
		408534231EB264FA001D0131 /* DebugUtilities.cpp in Sources */ = {isa = PBXBuildFile; fileRef = 408534211EB264FA001D0131 /* DebugUtilities.cpp */; };
		40A563CD1EA6654A00133110 /* Bloom.frag in Resources */ = {isa = PBXBuildFile; fileRef = 40A563CC1EA6654A00133110 /* Bloom.frag */; };
		40C41EBD1E901DC800DB11BB /* Scene.cpp in Sources */ = {isa = PBXBuildFile; fileRef = 40C41EBB1E901DC800DB11BB /* Scene.cpp */; };
		40C41EC01E90202000DB11BB /* GameObject.cpp in Sources */ = {isa = PBXBuildFile; fileRef = 40C41EBE1E90202000DB11BB /* GameObject.cpp */; };
		40C41EC41E90222600DB11BB /* MenuScene.cpp in Sources */ = {isa = PBXBuildFile; fileRef = 40C41EC21E90222600DB11BB /* MenuScene.cpp */; };
		40C41EC91E90244900DB11BB /* TitleText.cpp in Sources */ = {isa = PBXBuildFile; fileRef = 40C41EC71E90244900DB11BB /* TitleText.cpp */; };
		40C41ECD1E90293600DB11BB /* ResourceManager.cpp in Sources */ = {isa = PBXBuildFile; fileRef = 40C41ECB1E90293600DB11BB /* ResourceManager.cpp */; };
		40C41ECF1E90298600DB11BB /* carnevalee.ttf in Resources */ = {isa = PBXBuildFile; fileRef = 40C41ECE1E90298600DB11BB /* carnevalee.ttf */; };
		40C41ED31E90490200DB11BB /* playfair.ttf in Resources */ = {isa = PBXBuildFile; fileRef = 40C41ED21E90490200DB11BB /* playfair.ttf */; };
		40D7A0F11EB0EE4F000673F2 /* BoxCollider.cpp in Sources */ = {isa = PBXBuildFile; fileRef = 40D7A0EF1EB0EE4F000673F2 /* BoxCollider.cpp */; };
		40DBD6031E8F1F5C0027E88A /* GameState.cpp in Sources */ = {isa = PBXBuildFile; fileRef = 40DBD6011E8F1F5C0027E88A /* GameState.cpp */; };
		40DBD6061E8F20760027E88A /* Game.cpp in Sources */ = {isa = PBXBuildFile; fileRef = 40DBD6041E8F20760027E88A /* Game.cpp */; };
		40E3B9AD1E8E9B28001EE4AA /* Console.cpp in Sources */ = {isa = PBXBuildFile; fileRef = 40E3B9AB1E8E9B28001EE4AA /* Console.cpp */; };
		40E3B9B01E8E9B6F001EE4AA /* Drawable.cpp in Sources */ = {isa = PBXBuildFile; fileRef = 40E3B9AE1E8E9B6F001EE4AA /* Drawable.cpp */; };
		40E3B9B31E8E9CBE001EE4AA /* AuxiliarRenderFunctions.cpp in Sources */ = {isa = PBXBuildFile; fileRef = 40E3B9B11E8E9CBE001EE4AA /* AuxiliarRenderFunctions.cpp */; };
		40E3B9B61E8EA3F7001EE4AA /* ConsoleLine.cpp in Sources */ = {isa = PBXBuildFile; fileRef = 40E3B9B41E8EA3F7001EE4AA /* ConsoleLine.cpp */; };
		40E3B9B91E8EA6BA001EE4AA /* InputLine.cpp in Sources */ = {isa = PBXBuildFile; fileRef = 40E3B9B71E8EA6BA001EE4AA /* InputLine.cpp */; };
		40FEE04F1E904FC6004DCA95 /* Add.frag in Resources */ = {isa = PBXBuildFile; fileRef = 40FEE04A1E904FC6004DCA95 /* Add.frag */; };
		40FEE0501E904FC6004DCA95 /* Brightness.frag in Resources */ = {isa = PBXBuildFile; fileRef = 40FEE04B1E904FC6004DCA95 /* Brightness.frag */; };
		40FEE0511E904FC6004DCA95 /* DownSample.frag in Resources */ = {isa = PBXBuildFile; fileRef = 40FEE04C1E904FC6004DCA95 /* DownSample.frag */; };
		40FEE0521E904FC6004DCA95 /* Fullpass.vert in Resources */ = {isa = PBXBuildFile; fileRef = 40FEE04D1E904FC6004DCA95 /* Fullpass.vert */; };
		40FEE0531E904FC6004DCA95 /* GuassianBlur.frag in Resources */ = {isa = PBXBuildFile; fileRef = 40FEE04E1E904FC6004DCA95 /* GuassianBlur.frag */; };
		40FEE05D1E905168004DCA95 /* BloomShader.cpp in Sources */ = {isa = PBXBuildFile; fileRef = 40FEE05B1E905168004DCA95 /* BloomShader.cpp */; };
		40FEE0601E905173004DCA95 /* Shader.cpp in Sources */ = {isa = PBXBuildFile; fileRef = 40FEE05E1E905173004DCA95 /* Shader.cpp */; };
/* End PBXBuildFile section */

/* Begin PBXFileReference section */
		402E712F1ED5E2C5008149B3 /* RuleBasedBehaviour.cpp */ = {isa = PBXFileReference; fileEncoding = 4; lastKnownFileType = sourcecode.cpp.cpp; path = RuleBasedBehaviour.cpp; sourceTree = "<group>"; };
		402E71301ED5E2C5008149B3 /* RuleBasedBehaviour.hpp */ = {isa = PBXFileReference; fileEncoding = 4; lastKnownFileType = sourcecode.cpp.h; path = RuleBasedBehaviour.hpp; sourceTree = "<group>"; };
		402E71321ED5E2E5008149B3 /* AIObserver.cpp */ = {isa = PBXFileReference; fileEncoding = 4; lastKnownFileType = sourcecode.cpp.cpp; path = AIObserver.cpp; sourceTree = "<group>"; };
		402E71331ED5E2E5008149B3 /* AIObserver.hpp */ = {isa = PBXFileReference; fileEncoding = 4; lastKnownFileType = sourcecode.cpp.h; path = AIObserver.hpp; sourceTree = "<group>"; };
		402E71351ED5EAB5008149B3 /* Behaviour.cpp */ = {isa = PBXFileReference; fileEncoding = 4; lastKnownFileType = sourcecode.cpp.cpp; path = Behaviour.cpp; sourceTree = "<group>"; };
		402E71361ED5EAB5008149B3 /* Behaviour.hpp */ = {isa = PBXFileReference; fileEncoding = 4; lastKnownFileType = sourcecode.cpp.h; path = Behaviour.hpp; sourceTree = "<group>"; };
		40319DC21EE0688C00FB162F /* MenuOptions.cpp */ = {isa = PBXFileReference; fileEncoding = 4; lastKnownFileType = sourcecode.cpp.cpp; path = MenuOptions.cpp; sourceTree = "<group>"; };
		40319DC31EE0688C00FB162F /* MenuOptions.hpp */ = {isa = PBXFileReference; fileEncoding = 4; lastKnownFileType = sourcecode.cpp.h; path = MenuOptions.hpp; sourceTree = "<group>"; };
		4049DF6A1EAA74AA008DB0E5 /* Level_00_NeoPurple_DEMO.cpp */ = {isa = PBXFileReference; fileEncoding = 4; lastKnownFileType = sourcecode.cpp.cpp; path = Level_00_NeoPurple_DEMO.cpp; sourceTree = "<group>"; };
		4049DF6B1EAA74AA008DB0E5 /* Level_00_NeoPurple_DEMO.hpp */ = {isa = PBXFileReference; fileEncoding = 4; lastKnownFileType = sourcecode.cpp.h; path = Level_00_NeoPurple_DEMO.hpp; sourceTree = "<group>"; };
		4049DF6E1EAA7583008DB0E5 /* Level_00_GO_Ground.cpp */ = {isa = PBXFileReference; fileEncoding = 4; lastKnownFileType = sourcecode.cpp.cpp; path = Level_00_GO_Ground.cpp; sourceTree = "<group>"; };
		4049DF6F1EAA7583008DB0E5 /* Level_00_GO_Ground.hpp */ = {isa = PBXFileReference; fileEncoding = 4; lastKnownFileType = sourcecode.cpp.h; path = Level_00_GO_Ground.hpp; sourceTree = "<group>"; };
		4049DF721EABAB0E008DB0E5 /* AnimatedSprite.cpp */ = {isa = PBXFileReference; fileEncoding = 4; lastKnownFileType = sourcecode.cpp.cpp; path = AnimatedSprite.cpp; sourceTree = "<group>"; };
		4049DF731EABAB0E008DB0E5 /* AnimatedSprite.hpp */ = {isa = PBXFileReference; fileEncoding = 4; lastKnownFileType = sourcecode.cpp.h; path = AnimatedSprite.hpp; sourceTree = "<group>"; };
		4049DF7B1EABB265008DB0E5 /* json.hpp */ = {isa = PBXFileReference; fileEncoding = 4; lastKnownFileType = sourcecode.cpp.h; path = json.hpp; sourceTree = "<group>"; };
		4049DF7C1EABB2E9008DB0E5 /* Level_00_GO_MainCharacter.cpp */ = {isa = PBXFileReference; fileEncoding = 4; lastKnownFileType = sourcecode.cpp.cpp; path = Level_00_GO_MainCharacter.cpp; sourceTree = "<group>"; };
		4049DF7D1EABB2E9008DB0E5 /* Level_00_GO_MainCharacter.hpp */ = {isa = PBXFileReference; fileEncoding = 4; lastKnownFileType = sourcecode.cpp.h; path = Level_00_GO_MainCharacter.hpp; sourceTree = "<group>"; };
		4049DF811EABD972008DB0E5 /* SomeMath.cpp */ = {isa = PBXFileReference; fileEncoding = 4; lastKnownFileType = sourcecode.cpp.cpp; path = SomeMath.cpp; sourceTree = "<group>"; };
		4049DF821EABD972008DB0E5 /* SomeMath.hpp */ = {isa = PBXFileReference; fileEncoding = 4; lastKnownFileType = sourcecode.cpp.h; path = SomeMath.hpp; sourceTree = "<group>"; };
		406D18BE1ECB52100099A55D /* Level_00_GO_HealthBars.cpp */ = {isa = PBXFileReference; fileEncoding = 4; lastKnownFileType = sourcecode.cpp.cpp; path = Level_00_GO_HealthBars.cpp; sourceTree = "<group>"; };
		406D18BF1ECB52100099A55D /* Level_00_GO_HealthBars.hpp */ = {isa = PBXFileReference; fileEncoding = 4; lastKnownFileType = sourcecode.cpp.h; path = Level_00_GO_HealthBars.hpp; sourceTree = "<group>"; };
		406D18C31ECB607A0099A55D /* GeneralCharacterController.hpp */ = {isa = PBXFileReference; fileEncoding = 4; lastKnownFileType = sourcecode.cpp.h; path = GeneralCharacterController.hpp; sourceTree = "<group>"; };
		406D18C51ECB60BF0099A55D /* MainCharacterController.cpp */ = {isa = PBXFileReference; fileEncoding = 4; lastKnownFileType = sourcecode.cpp.cpp; path = MainCharacterController.cpp; sourceTree = "<group>"; };
		406D18C61ECB60BF0099A55D /* MainCharacterController.hpp */ = {isa = PBXFileReference; fileEncoding = 4; lastKnownFileType = sourcecode.cpp.h; path = MainCharacterController.hpp; sourceTree = "<group>"; };
		406D18C81ECB64E10099A55D /* EnemyCharacterController.cpp */ = {isa = PBXFileReference; fileEncoding = 4; lastKnownFileType = sourcecode.cpp.cpp; path = EnemyCharacterController.cpp; sourceTree = "<group>"; };
		406D18C91ECB64E10099A55D /* EnemyCharacterController.hpp */ = {isa = PBXFileReference; fileEncoding = 4; lastKnownFileType = sourcecode.cpp.h; path = EnemyCharacterController.hpp; sourceTree = "<group>"; };
		4076FB351EB4C442002D4DAB /* lavaNoise.frag */ = {isa = PBXFileReference; fileEncoding = 4; lastKnownFileType = sourcecode.glsl; path = lavaNoise.frag; sourceTree = "<group>"; };
		4076FB371EB4C473002D4DAB /* GroundNoiseShader.cpp */ = {isa = PBXFileReference; fileEncoding = 4; lastKnownFileType = sourcecode.cpp.cpp; path = GroundNoiseShader.cpp; sourceTree = "<group>"; };
		4076FB381EB4C473002D4DAB /* GroundNoiseShader.hpp */ = {isa = PBXFileReference; fileEncoding = 4; lastKnownFileType = sourcecode.cpp.h; path = GroundNoiseShader.hpp; sourceTree = "<group>"; };
		4076FB3A1EB4DDE6002D4DAB /* Level_00_GO_EnemyCharacter.cpp */ = {isa = PBXFileReference; fileEncoding = 4; lastKnownFileType = sourcecode.cpp.cpp; path = Level_00_GO_EnemyCharacter.cpp; sourceTree = "<group>"; };
		4076FB3B1EB4DDE6002D4DAB /* Level_00_GO_EnemyCharacter.hpp */ = {isa = PBXFileReference; fileEncoding = 4; lastKnownFileType = sourcecode.cpp.h; path = Level_00_GO_EnemyCharacter.hpp; sourceTree = "<group>"; };
		4076FB3E1EB4E057002D4DAB /* Level_00_GO_Characters.cpp */ = {isa = PBXFileReference; fileEncoding = 4; lastKnownFileType = sourcecode.cpp.cpp; path = Level_00_GO_Characters.cpp; sourceTree = "<group>"; };
		4076FB3F1EB4E057002D4DAB /* Level_00_GO_Characters.hpp */ = {isa = PBXFileReference; fileEncoding = 4; lastKnownFileType = sourcecode.cpp.h; path = Level_00_GO_Characters.hpp; sourceTree = "<group>"; };
		4076FB411EB4E695002D4DAB /* Level_00_GO_BasicCharacter.cpp */ = {isa = PBXFileReference; fileEncoding = 4; lastKnownFileType = sourcecode.cpp.cpp; path = Level_00_GO_BasicCharacter.cpp; sourceTree = "<group>"; };
		4076FB421EB4E695002D4DAB /* Level_00_GO_BasicCharacter.hpp */ = {isa = PBXFileReference; fileEncoding = 4; lastKnownFileType = sourcecode.cpp.h; path = Level_00_GO_BasicCharacter.hpp; sourceTree = "<group>"; };
		407DEFDF1E897765004263E6 /* It_Fights.app */ = {isa = PBXFileReference; explicitFileType = wrapper.application; includeInIndex = 0; path = It_Fights.app; sourceTree = BUILT_PRODUCTS_DIR; };
		407DEFE31E897765004263E6 /* It_Fights-Info.plist */ = {isa = PBXFileReference; lastKnownFileType = text.plist.xml; path = "It_Fights-Info.plist"; sourceTree = "<group>"; };
		407DEFE41E897765004263E6 /* ResourcePath.mm */ = {isa = PBXFileReference; lastKnownFileType = sourcecode.cpp.objcpp; path = ResourcePath.mm; sourceTree = "<group>"; };
		407DEFE61E897765004263E6 /* ResourcePath.hpp */ = {isa = PBXFileReference; lastKnownFileType = sourcecode.cpp.h; path = ResourcePath.hpp; sourceTree = "<group>"; };
		407DEFE71E897765004263E6 /* main.cpp */ = {isa = PBXFileReference; lastKnownFileType = sourcecode.cpp.cpp; path = main.cpp; sourceTree = "<group>"; };
		407DEFEA1E897765004263E6 /* cute_image.jpg */ = {isa = PBXFileReference; lastKnownFileType = image.jpeg; path = cute_image.jpg; sourceTree = "<group>"; };
		407DEFEC1E897765004263E6 /* nice_music.ogg */ = {isa = PBXFileReference; lastKnownFileType = file; path = nice_music.ogg; sourceTree = "<group>"; };
		407DEFEE1E897765004263E6 /* sansation.ttf */ = {isa = PBXFileReference; lastKnownFileType = file; path = sansation.ttf; sourceTree = "<group>"; };
		407DEFF01E897765004263E6 /* icon.png */ = {isa = PBXFileReference; lastKnownFileType = image.png; path = icon.png; sourceTree = "<group>"; };
		407DEFF81E8978C2004263E6 /* MessageBus.cpp */ = {isa = PBXFileReference; fileEncoding = 4; lastKnownFileType = sourcecode.cpp.cpp; path = MessageBus.cpp; sourceTree = "<group>"; };
		407DEFF91E8978C2004263E6 /* MessageBus.hpp */ = {isa = PBXFileReference; fileEncoding = 4; lastKnownFileType = sourcecode.cpp.h; path = MessageBus.hpp; sourceTree = "<group>"; };
		407DEFFB1E897B92004263E6 /* Message.cpp */ = {isa = PBXFileReference; fileEncoding = 4; lastKnownFileType = sourcecode.cpp.cpp; path = Message.cpp; sourceTree = "<group>"; };
		407DEFFC1E897B92004263E6 /* Message.hpp */ = {isa = PBXFileReference; fileEncoding = 4; lastKnownFileType = sourcecode.cpp.h; path = Message.hpp; sourceTree = "<group>"; };
		407DEFFE1E898962004263E6 /* BusNode.cpp */ = {isa = PBXFileReference; fileEncoding = 4; lastKnownFileType = sourcecode.cpp.cpp; path = BusNode.cpp; sourceTree = "<group>"; };
		407DEFFF1E898962004263E6 /* BusNode.hpp */ = {isa = PBXFileReference; fileEncoding = 4; lastKnownFileType = sourcecode.cpp.h; path = BusNode.hpp; sourceTree = "<group>"; };
		407DF0071E8AAC9D004263E6 /* Window.cpp */ = {isa = PBXFileReference; fileEncoding = 4; lastKnownFileType = sourcecode.cpp.cpp; path = Window.cpp; sourceTree = "<group>"; };
		407DF0081E8AAC9D004263E6 /* Window.hpp */ = {isa = PBXFileReference; fileEncoding = 4; lastKnownFileType = sourcecode.cpp.h; path = Window.hpp; sourceTree = "<group>"; };
		407DF00B1E8AAD45004263E6 /* Systems.hpp */ = {isa = PBXFileReference; lastKnownFileType = sourcecode.cpp.h; path = Systems.hpp; sourceTree = "<group>"; };
		407DF00D1E8AB7EF004263E6 /* Clock.cpp */ = {isa = PBXFileReference; fileEncoding = 4; lastKnownFileType = sourcecode.cpp.cpp; path = Clock.cpp; sourceTree = "<group>"; };
		407DF00E1E8AB7EF004263E6 /* Clock.hpp */ = {isa = PBXFileReference; fileEncoding = 4; lastKnownFileType = sourcecode.cpp.h; path = Clock.hpp; sourceTree = "<group>"; };
		407DF0111E8ABE1C004263E6 /* Input.cpp */ = {isa = PBXFileReference; fileEncoding = 4; lastKnownFileType = sourcecode.cpp.cpp; path = Input.cpp; sourceTree = "<group>"; };
		407DF0121E8ABE1C004263E6 /* Input.hpp */ = {isa = PBXFileReference; fileEncoding = 4; lastKnownFileType = sourcecode.cpp.h; path = Input.hpp; sourceTree = "<group>"; };
		40817FF01EAD2536003089A4 /* prota_0.2.json */ = {isa = PBXFileReference; fileEncoding = 4; lastKnownFileType = text.json; path = prota_0.2.json; sourceTree = "<group>"; };
		40817FF11EAD2536003089A4 /* prota_0.2.png */ = {isa = PBXFileReference; lastKnownFileType = image.png; path = prota_0.2.png; sourceTree = "<group>"; };
		40817FF51EAD301E003089A4 /* Collisions.cpp */ = {isa = PBXFileReference; fileEncoding = 4; lastKnownFileType = sourcecode.cpp.cpp; path = Collisions.cpp; sourceTree = "<group>"; };
		40817FF61EAD301E003089A4 /* Collisions.hpp */ = {isa = PBXFileReference; fileEncoding = 4; lastKnownFileType = sourcecode.cpp.h; path = Collisions.hpp; sourceTree = "<group>"; };
		408485531EEABD2300058CD6 /* PhysicsTypes.hpp */ = {isa = PBXFileReference; fileEncoding = 4; lastKnownFileType = sourcecode.cpp.h; path = PhysicsTypes.hpp; sourceTree = "<group>"; };
		408485541EEABE8900058CD6 /* PhysicsTypes.cpp */ = {isa = PBXFileReference; fileEncoding = 4; lastKnownFileType = sourcecode.cpp.cpp; path = PhysicsTypes.cpp; sourceTree = "<group>"; };
		408534211EB264FA001D0131 /* DebugUtilities.cpp */ = {isa = PBXFileReference; fileEncoding = 4; lastKnownFileType = sourcecode.cpp.cpp; path = DebugUtilities.cpp; sourceTree = "<group>"; };
		408534221EB264FA001D0131 /* DebugUtilities.hpp */ = {isa = PBXFileReference; fileEncoding = 4; lastKnownFileType = sourcecode.cpp.h; path = DebugUtilities.hpp; sourceTree = "<group>"; };
		40A563CC1EA6654A00133110 /* Bloom.frag */ = {isa = PBXFileReference; fileEncoding = 4; lastKnownFileType = sourcecode.glsl; path = Bloom.frag; sourceTree = "<group>"; };
		40C41EBB1E901DC800DB11BB /* Scene.cpp */ = {isa = PBXFileReference; fileEncoding = 4; lastKnownFileType = sourcecode.cpp.cpp; path = Scene.cpp; sourceTree = "<group>"; };
		40C41EBC1E901DC800DB11BB /* Scene.hpp */ = {isa = PBXFileReference; fileEncoding = 4; lastKnownFileType = sourcecode.cpp.h; path = Scene.hpp; sourceTree = "<group>"; };
		40C41EBE1E90202000DB11BB /* GameObject.cpp */ = {isa = PBXFileReference; fileEncoding = 4; lastKnownFileType = sourcecode.cpp.cpp; path = GameObject.cpp; sourceTree = "<group>"; };
		40C41EBF1E90202000DB11BB /* GameObject.hpp */ = {isa = PBXFileReference; fileEncoding = 4; lastKnownFileType = sourcecode.cpp.h; path = GameObject.hpp; sourceTree = "<group>"; };
		40C41EC21E90222600DB11BB /* MenuScene.cpp */ = {isa = PBXFileReference; fileEncoding = 4; lastKnownFileType = sourcecode.cpp.cpp; path = MenuScene.cpp; sourceTree = "<group>"; };
		40C41EC31E90222600DB11BB /* MenuScene.hpp */ = {isa = PBXFileReference; fileEncoding = 4; lastKnownFileType = sourcecode.cpp.h; path = MenuScene.hpp; sourceTree = "<group>"; };
		40C41EC71E90244900DB11BB /* TitleText.cpp */ = {isa = PBXFileReference; fileEncoding = 4; lastKnownFileType = sourcecode.cpp.cpp; path = TitleText.cpp; sourceTree = "<group>"; };
		40C41EC81E90244900DB11BB /* TitleText.hpp */ = {isa = PBXFileReference; fileEncoding = 4; lastKnownFileType = sourcecode.cpp.h; path = TitleText.hpp; sourceTree = "<group>"; };
		40C41ECB1E90293600DB11BB /* ResourceManager.cpp */ = {isa = PBXFileReference; fileEncoding = 4; lastKnownFileType = sourcecode.cpp.cpp; path = ResourceManager.cpp; sourceTree = "<group>"; };
		40C41ECC1E90293600DB11BB /* ResourceManager.hpp */ = {isa = PBXFileReference; fileEncoding = 4; lastKnownFileType = sourcecode.cpp.h; path = ResourceManager.hpp; sourceTree = "<group>"; };
		40C41ECE1E90298600DB11BB /* carnevalee.ttf */ = {isa = PBXFileReference; lastKnownFileType = file; path = carnevalee.ttf; sourceTree = "<group>"; };
		40C41ED21E90490200DB11BB /* playfair.ttf */ = {isa = PBXFileReference; lastKnownFileType = file; path = playfair.ttf; sourceTree = "<group>"; };
		40D7A0EF1EB0EE4F000673F2 /* BoxCollider.cpp */ = {isa = PBXFileReference; fileEncoding = 4; lastKnownFileType = sourcecode.cpp.cpp; path = BoxCollider.cpp; sourceTree = "<group>"; };
		40D7A0F01EB0EE4F000673F2 /* BoxCollider.hpp */ = {isa = PBXFileReference; fileEncoding = 4; lastKnownFileType = sourcecode.cpp.h; path = BoxCollider.hpp; sourceTree = "<group>"; };
		40DBD5FF1E8F1C490027E88A /* MessageData.h */ = {isa = PBXFileReference; lastKnownFileType = sourcecode.c.h; path = MessageData.h; sourceTree = "<group>"; };
		40DBD6011E8F1F5C0027E88A /* GameState.cpp */ = {isa = PBXFileReference; fileEncoding = 4; lastKnownFileType = sourcecode.cpp.cpp; path = GameState.cpp; sourceTree = "<group>"; };
		40DBD6021E8F1F5C0027E88A /* GameState.hpp */ = {isa = PBXFileReference; fileEncoding = 4; lastKnownFileType = sourcecode.cpp.h; path = GameState.hpp; sourceTree = "<group>"; };
		40DBD6041E8F20760027E88A /* Game.cpp */ = {isa = PBXFileReference; fileEncoding = 4; lastKnownFileType = sourcecode.cpp.cpp; path = Game.cpp; sourceTree = "<group>"; };
		40DBD6051E8F20760027E88A /* Game.hpp */ = {isa = PBXFileReference; fileEncoding = 4; lastKnownFileType = sourcecode.cpp.h; path = Game.hpp; sourceTree = "<group>"; };
		40E3B9AB1E8E9B28001EE4AA /* Console.cpp */ = {isa = PBXFileReference; fileEncoding = 4; lastKnownFileType = sourcecode.cpp.cpp; path = Console.cpp; sourceTree = "<group>"; };
		40E3B9AC1E8E9B28001EE4AA /* Console.hpp */ = {isa = PBXFileReference; fileEncoding = 4; lastKnownFileType = sourcecode.cpp.h; path = Console.hpp; sourceTree = "<group>"; };
		40E3B9AE1E8E9B6F001EE4AA /* Drawable.cpp */ = {isa = PBXFileReference; fileEncoding = 4; lastKnownFileType = sourcecode.cpp.cpp; path = Drawable.cpp; sourceTree = "<group>"; };
		40E3B9AF1E8E9B6F001EE4AA /* Drawable.hpp */ = {isa = PBXFileReference; fileEncoding = 4; lastKnownFileType = sourcecode.cpp.h; path = Drawable.hpp; sourceTree = "<group>"; };
		40E3B9B11E8E9CBE001EE4AA /* AuxiliarRenderFunctions.cpp */ = {isa = PBXFileReference; fileEncoding = 4; lastKnownFileType = sourcecode.cpp.cpp; path = AuxiliarRenderFunctions.cpp; sourceTree = "<group>"; };
		40E3B9B21E8E9CBE001EE4AA /* AuxiliarRenderFunctions.hpp */ = {isa = PBXFileReference; fileEncoding = 4; lastKnownFileType = sourcecode.cpp.h; path = AuxiliarRenderFunctions.hpp; sourceTree = "<group>"; };
		40E3B9B41E8EA3F7001EE4AA /* ConsoleLine.cpp */ = {isa = PBXFileReference; fileEncoding = 4; lastKnownFileType = sourcecode.cpp.cpp; path = ConsoleLine.cpp; sourceTree = "<group>"; };
		40E3B9B51E8EA3F7001EE4AA /* ConsoleLine.hpp */ = {isa = PBXFileReference; fileEncoding = 4; lastKnownFileType = sourcecode.cpp.h; path = ConsoleLine.hpp; sourceTree = "<group>"; };
		40E3B9B71E8EA6BA001EE4AA /* InputLine.cpp */ = {isa = PBXFileReference; fileEncoding = 4; lastKnownFileType = sourcecode.cpp.cpp; path = InputLine.cpp; sourceTree = "<group>"; };
		40E3B9B81E8EA6BA001EE4AA /* InputLine.hpp */ = {isa = PBXFileReference; fileEncoding = 4; lastKnownFileType = sourcecode.cpp.h; path = InputLine.hpp; sourceTree = "<group>"; };
		40FEE04A1E904FC6004DCA95 /* Add.frag */ = {isa = PBXFileReference; fileEncoding = 4; lastKnownFileType = sourcecode.glsl; path = Add.frag; sourceTree = "<group>"; };
		40FEE04B1E904FC6004DCA95 /* Brightness.frag */ = {isa = PBXFileReference; fileEncoding = 4; lastKnownFileType = sourcecode.glsl; path = Brightness.frag; sourceTree = "<group>"; };
		40FEE04C1E904FC6004DCA95 /* DownSample.frag */ = {isa = PBXFileReference; fileEncoding = 4; lastKnownFileType = sourcecode.glsl; path = DownSample.frag; sourceTree = "<group>"; };
		40FEE04D1E904FC6004DCA95 /* Fullpass.vert */ = {isa = PBXFileReference; fileEncoding = 4; lastKnownFileType = sourcecode.glsl; path = Fullpass.vert; sourceTree = "<group>"; };
		40FEE04E1E904FC6004DCA95 /* GuassianBlur.frag */ = {isa = PBXFileReference; fileEncoding = 4; lastKnownFileType = sourcecode.glsl; path = GuassianBlur.frag; sourceTree = "<group>"; };
		40FEE05B1E905168004DCA95 /* BloomShader.cpp */ = {isa = PBXFileReference; fileEncoding = 4; lastKnownFileType = sourcecode.cpp.cpp; path = BloomShader.cpp; sourceTree = "<group>"; };
		40FEE05C1E905168004DCA95 /* BloomShader.hpp */ = {isa = PBXFileReference; fileEncoding = 4; lastKnownFileType = sourcecode.cpp.h; path = BloomShader.hpp; sourceTree = "<group>"; };
		40FEE05E1E905173004DCA95 /* Shader.cpp */ = {isa = PBXFileReference; fileEncoding = 4; lastKnownFileType = sourcecode.cpp.cpp; path = Shader.cpp; sourceTree = "<group>"; };
		40FEE05F1E905173004DCA95 /* Shader.hpp */ = {isa = PBXFileReference; fileEncoding = 4; lastKnownFileType = sourcecode.cpp.h; path = Shader.hpp; sourceTree = "<group>"; };
/* End PBXFileReference section */

/* Begin PBXFrameworksBuildPhase section */
		407DEFDB1E897764004263E6 /* Frameworks */ = {
			isa = PBXFrameworksBuildPhase;
			buildActionMask = 2147483647;
			files = (
			);
			runOnlyForDeploymentPostprocessing = 0;
		};
/* End PBXFrameworksBuildPhase section */

/* Begin PBXGroup section */
		402E712E1ED5E1F7008149B3 /* CharacterAI */ = {
			isa = PBXGroup;
			children = (
				402E712F1ED5E2C5008149B3 /* RuleBasedBehaviour.cpp */,
				402E71301ED5E2C5008149B3 /* RuleBasedBehaviour.hpp */,
				402E71321ED5E2E5008149B3 /* AIObserver.cpp */,
				402E71331ED5E2E5008149B3 /* AIObserver.hpp */,
				402E71351ED5EAB5008149B3 /* Behaviour.cpp */,
				402E71361ED5EAB5008149B3 /* Behaviour.hpp */,
			);
			name = CharacterAI;
			sourceTree = "<group>";
		};
		4049DF691EAA7475008DB0E5 /* TopDownGamePlay */ = {
			isa = PBXGroup;
			children = (
				4049DF6D1EAA754E008DB0E5 /* GameObjects */,
				4049DF6A1EAA74AA008DB0E5 /* Level_00_NeoPurple_DEMO.cpp */,
				4049DF6B1EAA74AA008DB0E5 /* Level_00_NeoPurple_DEMO.hpp */,
			);
			name = TopDownGamePlay;
			sourceTree = "<group>";
		};
		4049DF6D1EAA754E008DB0E5 /* GameObjects */ = {
			isa = PBXGroup;
			children = (
				402E712E1ED5E1F7008149B3 /* CharacterAI */,
				406D18C11ECB603B0099A55D /* CharacterController */,
				4049DF6E1EAA7583008DB0E5 /* Level_00_GO_Ground.cpp */,
				4049DF6F1EAA7583008DB0E5 /* Level_00_GO_Ground.hpp */,
				4049DF7C1EABB2E9008DB0E5 /* Level_00_GO_MainCharacter.cpp */,
				4049DF7D1EABB2E9008DB0E5 /* Level_00_GO_MainCharacter.hpp */,
				4076FB3A1EB4DDE6002D4DAB /* Level_00_GO_EnemyCharacter.cpp */,
				4076FB3B1EB4DDE6002D4DAB /* Level_00_GO_EnemyCharacter.hpp */,
				4076FB3E1EB4E057002D4DAB /* Level_00_GO_Characters.cpp */,
				4076FB3F1EB4E057002D4DAB /* Level_00_GO_Characters.hpp */,
				4076FB411EB4E695002D4DAB /* Level_00_GO_BasicCharacter.cpp */,
				4076FB421EB4E695002D4DAB /* Level_00_GO_BasicCharacter.hpp */,
				406D18BE1ECB52100099A55D /* Level_00_GO_HealthBars.cpp */,
				406D18BF1ECB52100099A55D /* Level_00_GO_HealthBars.hpp */,
			);
			name = GameObjects;
			sourceTree = "<group>";
		};
		4049DF711EABAAEC008DB0E5 /* Animations */ = {
			isa = PBXGroup;
			children = (
				4049DF721EABAB0E008DB0E5 /* AnimatedSprite.cpp */,
				4049DF731EABAB0E008DB0E5 /* AnimatedSprite.hpp */,
			);
			name = Animations;
			sourceTree = "<group>";
		};
		4049DF791EABB166008DB0E5 /* SpriteSheets */ = {
			isa = PBXGroup;
			children = (
				4049DF7A1EABB174008DB0E5 /* MainChar_00 */,
			);
			name = SpriteSheets;
			sourceTree = "<group>";
		};
		4049DF7A1EABB174008DB0E5 /* MainChar_00 */ = {
			isa = PBXGroup;
			children = (
				40817FF01EAD2536003089A4 /* prota_0.2.json */,
				40817FF11EAD2536003089A4 /* prota_0.2.png */,
			);
			name = MainChar_00;
			sourceTree = "<group>";
		};
		406D18C11ECB603B0099A55D /* CharacterController */ = {
			isa = PBXGroup;
			children = (
				406D18C31ECB607A0099A55D /* GeneralCharacterController.hpp */,
				406D18C51ECB60BF0099A55D /* MainCharacterController.cpp */,
				406D18C61ECB60BF0099A55D /* MainCharacterController.hpp */,
				406D18C81ECB64E10099A55D /* EnemyCharacterController.cpp */,
				406D18C91ECB64E10099A55D /* EnemyCharacterController.hpp */,
			);
			name = CharacterController;
			sourceTree = "<group>";
		};
		407DEFD51E897764004263E6 = {
			isa = PBXGroup;
			children = (
				407DEFE11E897765004263E6 /* It_Fights */,
				407DEFE01E897765004263E6 /* Products */,
			);
			sourceTree = "<group>";
		};
		407DEFE01E897765004263E6 /* Products */ = {
			isa = PBXGroup;
			children = (
				407DEFDF1E897765004263E6 /* It_Fights.app */,
			);
			name = Products;
			sourceTree = "<group>";
		};
		407DEFE11E897765004263E6 /* It_Fights */ = {
			isa = PBXGroup;
			children = (
				40817FF41EAD2FA7003089A4 /* It_physics */,
				40C41ECA1E90292000DB11BB /* It_resources */,
				40DBD6001E8F1F200027E88A /* It_GameLogic&Content */,
				407DF0101E8ABDDB004263E6 /* It_input */,
				407DF00C1E8AB7DA004263E6 /* It_utils */,
				407DF00A1E8AAD11004263E6 /* It_systems */,
				407DF0061E8AAC88004263E6 /* It_rendering */,
				407DF0051E8AAC18004263E6 /* It_console */,
				407DEFF71E897849004263E6 /* It_messaging */,
				407DEFE71E897765004263E6 /* main.cpp */,
				407DEFE91E897765004263E6 /* Resources */,
				407DEFE21E897765004263E6 /* Supporting Files */,
			);
			path = It_Fights;
			sourceTree = "<group>";
		};
		407DEFE21E897765004263E6 /* Supporting Files */ = {
			isa = PBXGroup;
			children = (
				407DEFE31E897765004263E6 /* It_Fights-Info.plist */,
			);
			name = "Supporting Files";
			sourceTree = "<group>";
		};
		407DEFE91E897765004263E6 /* Resources */ = {
			isa = PBXGroup;
			children = (
				4049DF791EABB166008DB0E5 /* SpriteSheets */,
				40FEE0441E904EBE004DCA95 /* GLSL_Shaders */,
				40C41ED21E90490200DB11BB /* playfair.ttf */,
				40C41ECE1E90298600DB11BB /* carnevalee.ttf */,
				407DEFEA1E897765004263E6 /* cute_image.jpg */,
				407DEFEC1E897765004263E6 /* nice_music.ogg */,
				407DEFEE1E897765004263E6 /* sansation.ttf */,
				407DEFF01E897765004263E6 /* icon.png */,
			);
			name = Resources;
			sourceTree = "<group>";
		};
		407DEFF71E897849004263E6 /* It_messaging */ = {
			isa = PBXGroup;
			children = (
				407DEFF81E8978C2004263E6 /* MessageBus.cpp */,
				407DEFF91E8978C2004263E6 /* MessageBus.hpp */,
				407DEFFB1E897B92004263E6 /* Message.cpp */,
				407DEFFC1E897B92004263E6 /* Message.hpp */,
				407DEFFE1E898962004263E6 /* BusNode.cpp */,
				407DEFFF1E898962004263E6 /* BusNode.hpp */,
				40DBD5FF1E8F1C490027E88A /* MessageData.h */,
			);
			name = It_messaging;
			sourceTree = "<group>";
		};
		407DF0051E8AAC18004263E6 /* It_console */ = {
			isa = PBXGroup;
			children = (
				40E3B9AB1E8E9B28001EE4AA /* Console.cpp */,
				40E3B9AC1E8E9B28001EE4AA /* Console.hpp */,
				40E3B9B41E8EA3F7001EE4AA /* ConsoleLine.cpp */,
				40E3B9B51E8EA3F7001EE4AA /* ConsoleLine.hpp */,
				40E3B9B71E8EA6BA001EE4AA /* InputLine.cpp */,
				40E3B9B81E8EA6BA001EE4AA /* InputLine.hpp */,
			);
			name = It_console;
			sourceTree = "<group>";
		};
		407DF0061E8AAC88004263E6 /* It_rendering */ = {
			isa = PBXGroup;
			children = (
				4049DF711EABAAEC008DB0E5 /* Animations */,
				40FEE05A1E905150004DCA95 /* shaders */,
				407DF0071E8AAC9D004263E6 /* Window.cpp */,
				407DF0081E8AAC9D004263E6 /* Window.hpp */,
				40E3B9AE1E8E9B6F001EE4AA /* Drawable.cpp */,
				40E3B9AF1E8E9B6F001EE4AA /* Drawable.hpp */,
				40E3B9B11E8E9CBE001EE4AA /* AuxiliarRenderFunctions.cpp */,
				40E3B9B21E8E9CBE001EE4AA /* AuxiliarRenderFunctions.hpp */,
				40FEE05E1E905173004DCA95 /* Shader.cpp */,
				40FEE05F1E905173004DCA95 /* Shader.hpp */,
			);
			name = It_rendering;
			sourceTree = "<group>";
		};
		407DF00A1E8AAD11004263E6 /* It_systems */ = {
			isa = PBXGroup;
			children = (
				407DF00B1E8AAD45004263E6 /* Systems.hpp */,
			);
			name = It_systems;
			sourceTree = "<group>";
		};
		407DF00C1E8AB7DA004263E6 /* It_utils */ = {
			isa = PBXGroup;
			children = (
				4049DF7B1EABB265008DB0E5 /* json.hpp */,
				407DF00D1E8AB7EF004263E6 /* Clock.cpp */,
				407DF00E1E8AB7EF004263E6 /* Clock.hpp */,
				4049DF811EABD972008DB0E5 /* SomeMath.cpp */,
				4049DF821EABD972008DB0E5 /* SomeMath.hpp */,
				408534211EB264FA001D0131 /* DebugUtilities.cpp */,
				408534221EB264FA001D0131 /* DebugUtilities.hpp */,
			);
			name = It_utils;
			sourceTree = "<group>";
		};
		407DF0101E8ABDDB004263E6 /* It_input */ = {
			isa = PBXGroup;
			children = (
				407DF0111E8ABE1C004263E6 /* Input.cpp */,
				407DF0121E8ABE1C004263E6 /* Input.hpp */,
			);
			name = It_input;
			sourceTree = "<group>";
		};
		40817FF41EAD2FA7003089A4 /* It_physics */ = {
			isa = PBXGroup;
			children = (
				40817FF51EAD301E003089A4 /* Collisions.cpp */,
				40817FF61EAD301E003089A4 /* Collisions.hpp */,
				40D7A0EF1EB0EE4F000673F2 /* BoxCollider.cpp */,
				40D7A0F01EB0EE4F000673F2 /* BoxCollider.hpp */,
				408485531EEABD2300058CD6 /* PhysicsTypes.hpp */,
				408485541EEABE8900058CD6 /* PhysicsTypes.cpp */,
			);
			name = It_physics;
			sourceTree = "<group>";
		};
		40C41EC11E90220D00DB11BB /* Scenes */ = {
			isa = PBXGroup;
			children = (
				4049DF691EAA7475008DB0E5 /* TopDownGamePlay */,
				40C41EC51E9022A700DB11BB /* Menu */,
			);
			name = Scenes;
			sourceTree = "<group>";
		};
		40C41EC51E9022A700DB11BB /* Menu */ = {
			isa = PBXGroup;
			children = (
				40C41EC61E9022AE00DB11BB /* GameObjects */,
				40C41EC21E90222600DB11BB /* MenuScene.cpp */,
				40C41EC31E90222600DB11BB /* MenuScene.hpp */,
			);
			name = Menu;
			sourceTree = "<group>";
		};
		40C41EC61E9022AE00DB11BB /* GameObjects */ = {
			isa = PBXGroup;
			children = (
				40C41EC71E90244900DB11BB /* TitleText.cpp */,
				40C41EC81E90244900DB11BB /* TitleText.hpp */,
				40319DC21EE0688C00FB162F /* MenuOptions.cpp */,
				40319DC31EE0688C00FB162F /* MenuOptions.hpp */,
			);
			name = GameObjects;
			sourceTree = "<group>";
		};
		40C41ECA1E90292000DB11BB /* It_resources */ = {
			isa = PBXGroup;
			children = (
				407DEFE41E897765004263E6 /* ResourcePath.mm */,
				407DEFE61E897765004263E6 /* ResourcePath.hpp */,
				40C41ECB1E90293600DB11BB /* ResourceManager.cpp */,
				40C41ECC1E90293600DB11BB /* ResourceManager.hpp */,
			);
			name = It_resources;
			sourceTree = "<group>";
		};
		40DBD6001E8F1F200027E88A /* It_GameLogic&Content */ = {
			isa = PBXGroup;
			children = (
				40C41EC11E90220D00DB11BB /* Scenes */,
				40DBD6011E8F1F5C0027E88A /* GameState.cpp */,
				40DBD6021E8F1F5C0027E88A /* GameState.hpp */,
				40DBD6041E8F20760027E88A /* Game.cpp */,
				40DBD6051E8F20760027E88A /* Game.hpp */,
				40C41EBB1E901DC800DB11BB /* Scene.cpp */,
				40C41EBC1E901DC800DB11BB /* Scene.hpp */,
				40C41EBE1E90202000DB11BB /* GameObject.cpp */,
				40C41EBF1E90202000DB11BB /* GameObject.hpp */,
			);
			name = "It_GameLogic&Content";
			sourceTree = "<group>";
		};
		40FEE0441E904EBE004DCA95 /* GLSL_Shaders */ = {
			isa = PBXGroup;
			children = (
				40FEE04A1E904FC6004DCA95 /* Add.frag */,
				40FEE04B1E904FC6004DCA95 /* Brightness.frag */,
				40FEE04C1E904FC6004DCA95 /* DownSample.frag */,
				40FEE04D1E904FC6004DCA95 /* Fullpass.vert */,
				40FEE04E1E904FC6004DCA95 /* GuassianBlur.frag */,
				40A563CC1EA6654A00133110 /* Bloom.frag */,
				4076FB351EB4C442002D4DAB /* lavaNoise.frag */,
			);
			name = GLSL_Shaders;
			sourceTree = "<group>";
		};
		40FEE05A1E905150004DCA95 /* shaders */ = {
			isa = PBXGroup;
			children = (
				40FEE05B1E905168004DCA95 /* BloomShader.cpp */,
				40FEE05C1E905168004DCA95 /* BloomShader.hpp */,
				4076FB371EB4C473002D4DAB /* GroundNoiseShader.cpp */,
				4076FB381EB4C473002D4DAB /* GroundNoiseShader.hpp */,
			);
			name = shaders;
			sourceTree = "<group>";
		};
/* End PBXGroup section */

/* Begin PBXNativeTarget section */
		407DEFDE1E897764004263E6 /* It_Fights */ = {
			isa = PBXNativeTarget;
			buildConfigurationList = 407DEFF41E897765004263E6 /* Build configuration list for PBXNativeTarget "It_Fights" */;
			buildPhases = (
				407DEFDA1E897764004263E6 /* Sources */,
				407DEFDB1E897764004263E6 /* Frameworks */,
				407DEFDC1E897764004263E6 /* Resources */,
				407DEFDD1E897764004263E6 /* ShellScript */,
			);
			buildRules = (
			);
			dependencies = (
			);
			name = It_Fights;
			productName = It_Fights;
			productReference = 407DEFDF1E897765004263E6 /* It_Fights.app */;
			productType = "com.apple.product-type.application";
		};
/* End PBXNativeTarget section */

/* Begin PBXProject section */
		407DEFD61E897764004263E6 /* Project object */ = {
			isa = PBXProject;
			attributes = {
				LastUpgradeCheck = 0830;
				ORGANIZATIONNAME = "Rubén Osorio López";
				TargetAttributes = {
					407DEFDE1E897764004263E6 = {
						CreatedOnToolsVersion = 8.2.1;
						ProvisioningStyle = Automatic;
					};
				};
			};
			buildConfigurationList = 407DEFD91E897764004263E6 /* Build configuration list for PBXProject "It_Fights" */;
			compatibilityVersion = "Xcode 3.2";
			developmentRegion = English;
			hasScannedForEncodings = 0;
			knownRegions = (
				en,
			);
			mainGroup = 407DEFD51E897764004263E6;
			productRefGroup = 407DEFE01E897765004263E6 /* Products */;
			projectDirPath = "";
			projectRoot = "";
			targets = (
				407DEFDE1E897764004263E6 /* It_Fights */,
			);
		};
/* End PBXProject section */

/* Begin PBXResourcesBuildPhase section */
		407DEFDC1E897764004263E6 /* Resources */ = {
			isa = PBXResourcesBuildPhase;
			buildActionMask = 2147483647;
			files = (
				407DEFF11E897765004263E6 /* icon.png in Resources */,
				40FEE0511E904FC6004DCA95 /* DownSample.frag in Resources */,
				407DEFEF1E897765004263E6 /* sansation.ttf in Resources */,
				40C41ED31E90490200DB11BB /* playfair.ttf in Resources */,
				40817FF21EAD2536003089A4 /* prota_0.2.json in Resources */,
				4076FB361EB4C442002D4DAB /* lavaNoise.frag in Resources */,
				40C41ECF1E90298600DB11BB /* carnevalee.ttf in Resources */,
				407DEFED1E897765004263E6 /* nice_music.ogg in Resources */,
				407DEFEB1E897765004263E6 /* cute_image.jpg in Resources */,
				40FEE0531E904FC6004DCA95 /* GuassianBlur.frag in Resources */,
				40817FF31EAD2536003089A4 /* prota_0.2.png in Resources */,
				40FEE0501E904FC6004DCA95 /* Brightness.frag in Resources */,
				40A563CD1EA6654A00133110 /* Bloom.frag in Resources */,
				40FEE0521E904FC6004DCA95 /* Fullpass.vert in Resources */,
				40FEE04F1E904FC6004DCA95 /* Add.frag in Resources */,
			);
			runOnlyForDeploymentPostprocessing = 0;
		};
/* End PBXResourcesBuildPhase section */

/* Begin PBXShellScriptBuildPhase section */
		407DEFDD1E897764004263E6 /* ShellScript */ = {
			isa = PBXShellScriptBuildPhase;
			buildActionMask = 2147483647;
			files = (
			);
			inputPaths = (
			);
			outputPaths = (
			);
			runOnlyForDeploymentPostprocessing = 0;
			shellPath = /bin/sh;
			shellScript = "# This shell script simply copies required SFML dylibs/frameworks into the application bundle frameworks folder.\n# If you're using static libraries (which is not recommended) you should remove this script from your project.\n\n# SETTINGS\nCMAKE_INSTALL_FRAMEWORK_PREFIX=\"/Library/Frameworks\"\nCMAKE_INSTALL_LIB_PREFIX=\"/usr/local/lib\"\nFRAMEWORKS_FULL_PATH=\"$BUILT_PRODUCTS_DIR/$FRAMEWORKS_FOLDER_PATH/\"\n\n# Are we building a project that uses frameworks or dylibs?\ncase \"$SFML_BINARY_TYPE\" in\n    DYLIBS)\n        frameworks=\"false\"\n        ;;\n    *)\n        frameworks=\"true\"\n        ;;\nesac\n\n# Echoes to stderr\nerror () # $* message to display\n{\n    echo $* 1>&2\n    exit 2\n}\n\nassert () # $1 is a boolean, $2...N is an error message\n{\n    if [ $# -lt 2 ]\n    then\n        error \"Internal error in assert: not enough args\"\n    fi\n\n    if [ $1 -ne 0 ]\n    then\n        shift\n        error \"$*\"\n    fi\n}\n\nforce_remove () # $@ is some paths\n{\n    test $# -ge 1\n    assert $? \"force_remove() requires at least one parameter\"\n    rm -fr $@\n    assert $? \"couldn't remove $@\"\n}\n\ncopy () # $1 is a source, $2 is a destination\n{\n    test $# -eq 2\n    assert $? \"copy() requires two parameters\"\n    ditto \"$1\" \"$2\"\n    assert $? \"couldn't copy $1 to $2\"\n}\n\nrequire () # $1 is a SFML module like 'system' or 'audio'\n{\n    dest=\"$BUILT_PRODUCTS_DIR/$FRAMEWORKS_FOLDER_PATH/\"\n\n    if [ -z \"$1\" ]\n    then\n        error \"require() requires one parameter!\"\n    else\n        # clean potentially old stuff\n        force_remove \"$dest/libsfml-$1\"*\n        force_remove \"$dest/sfml-$1.framework\"\n\n        # copy SFML libraries\n        if [ \"$frameworks\" = \"true\" ]\n        then\n            source=\"$CMAKE_INSTALL_FRAMEWORK_PREFIX/sfml-$1.framework\"\n            target=\"sfml-$1.framework\"\n        elif [ \"$SFML_LINK_DYLIBS_SUFFIX\" = \"-d\" ]\n        then\n            source=\"$CMAKE_INSTALL_LIB_PREFIX/libsfml-$1-d.dylib\"\n            target=\"`readlink $source`\"\n        else\n            source=\"$CMAKE_INSTALL_LIB_PREFIX/libsfml-$1.dylib\"\n            target=\"`readlink $source`\"\n        fi\n\n        copy \"$source\" \"$dest/$target\"\n\n        # copy extra dependencies\n        if [ \"$1\" = \"audio\" ]\n        then\n            # copy \"FLAC\" \"ogg\" \"vorbis\" \"vorbisenc\" \"vorbisfile\" \"OpenAL\" frameworks too\n            for f in \"FLAC\" \"ogg\" \"vorbis\" \"vorbisenc\" \"vorbisfile\" \"OpenAL\"\n            do\n                copy \"$CMAKE_INSTALL_FRAMEWORK_PREFIX/$f.framework\" \"$dest/$f.framework\"\n            done\n        elif [ \"$1\" = \"graphics\" ]\n        then\n            copy \"$CMAKE_INSTALL_FRAMEWORK_PREFIX/freetype.framework\" \"$dest/freetype.framework\"\n        fi\n    fi\n}\n\nif [ -n \"$SFML_SYSTEM\" ]\nthen\n    require \"system\"\nfi\n\nif [ -n \"$SFML_AUDIO\" ]\nthen\n    require \"audio\"\nfi\n\nif [ -n \"$SFML_NETWORK\" ]\nthen\n    require \"network\"\nfi\n\nif [ -n \"$SFML_WINDOW\" ]\nthen\n    require \"window\"\nfi\n\nif [ -n \"$SFML_GRAPHICS\" ]\nthen\n    require \"graphics\"\nfi\n\n                ";
		};
/* End PBXShellScriptBuildPhase section */

/* Begin PBXSourcesBuildPhase section */
		407DEFDA1E897764004263E6 /* Sources */ = {
			isa = PBXSourcesBuildPhase;
			buildActionMask = 2147483647;
			files = (
				4076FB401EB4E057002D4DAB /* Level_00_GO_Characters.cpp in Sources */,
				4049DF7E1EABB2E9008DB0E5 /* Level_00_GO_MainCharacter.cpp in Sources */,
				40E3B9B31E8E9CBE001EE4AA /* AuxiliarRenderFunctions.cpp in Sources */,
				406D18CA1ECB64E10099A55D /* EnemyCharacterController.cpp in Sources */,
				4076FB431EB4E695002D4DAB /* Level_00_GO_BasicCharacter.cpp in Sources */,
				40DBD6031E8F1F5C0027E88A /* GameState.cpp in Sources */,
				407DF0091E8AAC9D004263E6 /* Window.cpp in Sources */,
				40C41EBD1E901DC800DB11BB /* Scene.cpp in Sources */,
				40DBD6061E8F20760027E88A /* Game.cpp in Sources */,
				40319DC41EE0688C00FB162F /* MenuOptions.cpp in Sources */,
				4049DF6C1EAA74AA008DB0E5 /* Level_00_NeoPurple_DEMO.cpp in Sources */,
				402E71341ED5E2E5008149B3 /* AIObserver.cpp in Sources */,
				407DEFE81E897765004263E6 /* main.cpp in Sources */,
				4049DF701EAA7583008DB0E5 /* Level_00_GO_Ground.cpp in Sources */,
				407DF0131E8ABE1C004263E6 /* Input.cpp in Sources */,
				4076FB391EB4C473002D4DAB /* GroundNoiseShader.cpp in Sources */,
				406D18C71ECB60BF0099A55D /* MainCharacterController.cpp in Sources */,
				40E3B9B01E8E9B6F001EE4AA /* Drawable.cpp in Sources */,
				40C41EC01E90202000DB11BB /* GameObject.cpp in Sources */,
				40C41EC41E90222600DB11BB /* MenuScene.cpp in Sources */,
				407DEFFD1E897B92004263E6 /* Message.cpp in Sources */,
				408485551EEABE8900058CD6 /* PhysicsTypes.cpp in Sources */,
				4076FB3C1EB4DDE6002D4DAB /* Level_00_GO_EnemyCharacter.cpp in Sources */,
				40FEE0601E905173004DCA95 /* Shader.cpp in Sources */,
				40FEE05D1E905168004DCA95 /* BloomShader.cpp in Sources */,
				407DEFE51E897765004263E6 /* ResourcePath.mm in Sources */,
				40E3B9B61E8EA3F7001EE4AA /* ConsoleLine.cpp in Sources */,
				408534231EB264FA001D0131 /* DebugUtilities.cpp in Sources */,
				40D7A0F11EB0EE4F000673F2 /* BoxCollider.cpp in Sources */,
				402E71371ED5EAB5008149B3 /* Behaviour.cpp in Sources */,
				40C41ECD1E90293600DB11BB /* ResourceManager.cpp in Sources */,
				4049DF741EABAB0E008DB0E5 /* AnimatedSprite.cpp in Sources */,
				407DF0001E898962004263E6 /* BusNode.cpp in Sources */,
				40E3B9AD1E8E9B28001EE4AA /* Console.cpp in Sources */,
				407DF00F1E8AB7EF004263E6 /* Clock.cpp in Sources */,
				40C41EC91E90244900DB11BB /* TitleText.cpp in Sources */,
				406D18C01ECB52100099A55D /* Level_00_GO_HealthBars.cpp in Sources */,
				402E71311ED5E2C5008149B3 /* RuleBasedBehaviour.cpp in Sources */,
				40817FF71EAD301E003089A4 /* Collisions.cpp in Sources */,
				40E3B9B91E8EA6BA001EE4AA /* InputLine.cpp in Sources */,
				407DEFFA1E8978C2004263E6 /* MessageBus.cpp in Sources */,
				4049DF831EABD972008DB0E5 /* SomeMath.cpp in Sources */,
			);
			runOnlyForDeploymentPostprocessing = 0;
		};
/* End PBXSourcesBuildPhase section */

/* Begin XCBuildConfiguration section */
		407DEFF21E897765004263E6 /* Debug */ = {
			isa = XCBuildConfiguration;
			buildSettings = {
				CLANG_CXX_LANGUAGE_STANDARD = "c++14";
				CLANG_CXX_LIBRARY = "libc++";
				CLANG_WARN_BOOL_CONVERSION = YES;
				CLANG_WARN_CONSTANT_CONVERSION = YES;
				CLANG_WARN_EMPTY_BODY = YES;
				CLANG_WARN_ENUM_CONVERSION = YES;
				CLANG_WARN_INFINITE_RECURSION = YES;
				CLANG_WARN_INT_CONVERSION = YES;
				CLANG_WARN_SUSPICIOUS_MOVE = YES;
				CLANG_WARN_UNREACHABLE_CODE = YES;
				CLANG_WARN__DUPLICATE_METHOD_MATCH = YES;
				ENABLE_STRICT_OBJC_MSGSEND = YES;
				ENABLE_TESTABILITY = YES;
				FRAMEWORK_SEARCH_PATHS = (
					/Library/Frameworks/,
					"$(inherited)",
				);
				GCC_NO_COMMON_BLOCKS = YES;
				GCC_VERSION = com.apple.compilers.llvm.clang.1_0;
				GCC_WARN_64_TO_32_BIT_CONVERSION = YES;
				GCC_WARN_ABOUT_RETURN_TYPE = YES;
				GCC_WARN_UNDECLARED_SELECTOR = YES;
				GCC_WARN_UNINITIALIZED_AUTOS = YES;
				GCC_WARN_UNUSED_FUNCTION = YES;
				GCC_WARN_UNUSED_VARIABLE = YES;
				HEADER_SEARCH_PATHS = (
					/usr/local/include/,
					"$(inherited)",
				);
				LIBRARY_SEARCH_PATHS = (
					/usr/local/lib/,
					"$(inherited)",
				);
				MACOSX_DEPLOYMENT_TARGET = 10.7;
				ONLY_ACTIVE_ARCH = YES;
				OTHER_LDFLAGS = (
					"$(inherited)",
					"$(SFML_SYSTEM)",
					"$(SFML_WINDOW)",
					"$(SFML_GRAPHICS)",
					"$(SFML_AUDIO)",
					"$(SFML_NETWORK)",
				);
				SFML_AUDIO = "$(SFML_LINK_PREFIX) sfml-audio$(SFML_LINK_SUFFIX)";
				SFML_BINARY_TYPE = FRAMEWORKS;
				SFML_GRAPHICS = "$(SFML_LINK_PREFIX) sfml-graphics$(SFML_LINK_SUFFIX)";
				SFML_LINK_DYLIBS_PREFIX = "-l";
				SFML_LINK_DYLIBS_SUFFIX = "";
				SFML_LINK_FRAMEWORKS_PREFIX = "-framework";
				SFML_LINK_FRAMEWORKS_SUFFIX = "";
				SFML_LINK_PREFIX = "$(SFML_LINK_$(SFML_BINARY_TYPE)_PREFIX)";
				SFML_LINK_SUFFIX = "$(SFML_LINK_$(SFML_BINARY_TYPE)_SUFFIX)";
				SFML_NETWORK = "$(SFML_LINK_PREFIX) sfml-network$(SFML_LINK_SUFFIX)";
				SFML_SYSTEM = "$(SFML_LINK_PREFIX) sfml-system$(SFML_LINK_SUFFIX)";
				SFML_WINDOW = "$(SFML_LINK_PREFIX) sfml-window$(SFML_LINK_SUFFIX)";
				SUPPORTED_PLATFORMS = "macosx Windows 10";
			};
			name = Debug;
		};
		407DEFF31E897765004263E6 /* Release */ = {
			isa = XCBuildConfiguration;
			buildSettings = {
				CLANG_CXX_LANGUAGE_STANDARD = "c++14";
				CLANG_CXX_LIBRARY = "libc++";
				CLANG_WARN_BOOL_CONVERSION = YES;
				CLANG_WARN_CONSTANT_CONVERSION = YES;
				CLANG_WARN_EMPTY_BODY = YES;
				CLANG_WARN_ENUM_CONVERSION = YES;
				CLANG_WARN_INFINITE_RECURSION = YES;
				CLANG_WARN_INT_CONVERSION = YES;
				CLANG_WARN_SUSPICIOUS_MOVE = YES;
				CLANG_WARN_UNREACHABLE_CODE = YES;
				CLANG_WARN__DUPLICATE_METHOD_MATCH = YES;
				ENABLE_STRICT_OBJC_MSGSEND = YES;
				ENABLE_TESTABILITY = NO;
				FRAMEWORK_SEARCH_PATHS = (
					/Library/Frameworks/,
					"$(inherited)",
				);
				GCC_NO_COMMON_BLOCKS = YES;
				GCC_VERSION = com.apple.compilers.llvm.clang.1_0;
				GCC_WARN_64_TO_32_BIT_CONVERSION = YES;
				GCC_WARN_ABOUT_RETURN_TYPE = YES;
				GCC_WARN_UNDECLARED_SELECTOR = YES;
				GCC_WARN_UNINITIALIZED_AUTOS = YES;
				GCC_WARN_UNUSED_FUNCTION = YES;
				GCC_WARN_UNUSED_VARIABLE = YES;
				HEADER_SEARCH_PATHS = (
					/usr/local/include/,
					"$(inherited)",
				);
				LIBRARY_SEARCH_PATHS = (
					/usr/local/lib/,
					"$(inherited)",
				);
				MACOSX_DEPLOYMENT_TARGET = 10.7;
				OTHER_LDFLAGS = (
					"$(inherited)",
					"$(SFML_SYSTEM)",
					"$(SFML_WINDOW)",
					"$(SFML_GRAPHICS)",
					"$(SFML_AUDIO)",
					"$(SFML_NETWORK)",
				);
				SFML_AUDIO = "$(SFML_LINK_PREFIX) sfml-audio$(SFML_LINK_SUFFIX)";
				SFML_BINARY_TYPE = FRAMEWORKS;
				SFML_GRAPHICS = "$(SFML_LINK_PREFIX) sfml-graphics$(SFML_LINK_SUFFIX)";
				SFML_LINK_DYLIBS_PREFIX = "-l";
				SFML_LINK_DYLIBS_SUFFIX = "";
				SFML_LINK_FRAMEWORKS_PREFIX = "-framework";
				SFML_LINK_FRAMEWORKS_SUFFIX = "";
				SFML_LINK_PREFIX = "$(SFML_LINK_$(SFML_BINARY_TYPE)_PREFIX)";
				SFML_LINK_SUFFIX = "$(SFML_LINK_$(SFML_BINARY_TYPE)_SUFFIX)";
				SFML_NETWORK = "$(SFML_LINK_PREFIX) sfml-network$(SFML_LINK_SUFFIX)";
				SFML_SYSTEM = "$(SFML_LINK_PREFIX) sfml-system$(SFML_LINK_SUFFIX)";
				SFML_WINDOW = "$(SFML_LINK_PREFIX) sfml-window$(SFML_LINK_SUFFIX)";
				SUPPORTED_PLATFORMS = "macosx Windows 10";
			};
			name = Release;
		};
		407DEFF51E897765004263E6 /* Debug */ = {
			isa = XCBuildConfiguration;
			buildSettings = {
				DEBUG_INFORMATION_FORMAT = dwarf;
				GCC_VERSION = "";
				INFOPLIST_FILE = "It_Fights/It_Fights-Info.plist";
				LD_RUNPATH_SEARCH_PATHS = "@loader_path/../Frameworks";
				OTHER_LDFLAGS = (
					"$(inherited)",
					"$(SFML_SYSTEM)",
					"$(SFML_WINDOW)",
					"$(SFML_GRAPHICS)",
					"$(SFML_AUDIO)",
					"$(SFML_NETWORK)",
				);
				PRODUCT_BUNDLE_IDENTIFIER = "NotACompany.${PRODUCT_NAME:rfc1034identifier}";
				PRODUCT_NAME = "$(TARGET_NAME)";
				SCAN_ALL_SOURCE_FILES_FOR_INCLUDES = NO;
				SUPPORTED_PLATFORMS = macosx;
			};
			name = Debug;
		};
		407DEFF61E897765004263E6 /* Release */ = {
			isa = XCBuildConfiguration;
			buildSettings = {
				DEBUG_INFORMATION_FORMAT = dwarf;
				GCC_VERSION = "";
				INFOPLIST_FILE = "It_Fights/It_Fights-Info.plist";
				LD_RUNPATH_SEARCH_PATHS = "@loader_path/../Frameworks";
				OTHER_LDFLAGS = (
					"$(inherited)",
					"$(SFML_SYSTEM)",
					"$(SFML_WINDOW)",
					"$(SFML_GRAPHICS)",
					"$(SFML_AUDIO)",
					"$(SFML_NETWORK)",
				);
				PRODUCT_BUNDLE_IDENTIFIER = "NotACompany.${PRODUCT_NAME:rfc1034identifier}";
				PRODUCT_NAME = "$(TARGET_NAME)";
				SCAN_ALL_SOURCE_FILES_FOR_INCLUDES = NO;
				SUPPORTED_PLATFORMS = macosx;
			};
			name = Release;
		};
/* End XCBuildConfiguration section */

/* Begin XCConfigurationList section */
		407DEFD91E897764004263E6 /* Build configuration list for PBXProject "It_Fights" */ = {
			isa = XCConfigurationList;
			buildConfigurations = (
				407DEFF21E897765004263E6 /* Debug */,
				407DEFF31E897765004263E6 /* Release */,
			);
			defaultConfigurationIsVisible = 0;
			defaultConfigurationName = Release;
		};
		407DEFF41E897765004263E6 /* Build configuration list for PBXNativeTarget "It_Fights" */ = {
			isa = XCConfigurationList;
			buildConfigurations = (
				407DEFF51E897765004263E6 /* Debug */,
				407DEFF61E897765004263E6 /* Release */,
			);
			defaultConfigurationIsVisible = 0;
			defaultConfigurationName = Release;
		};
/* End XCConfigurationList section */
	};
	rootObject = 407DEFD61E897764004263E6 /* Project object */;
}
